
Microsoft Visual Studio Solution File, Format Version 12.00
# Visual Studio 2012
Project("{FAE04EC0-301F-11D3-BF4B-00C04F79EFBC}") = "Ecommerce.Web", "Ecommerce.Web\Ecommerce.Web.csproj", "{2FCA3ED2-35D5-4D8A-859B-EBD52D06D8DC}"
EndProject
Project("{FAE04EC0-301F-11D3-BF4B-00C04F79EFBC}") = "Ecommerce.Web.Tests", "Ecommerce.Web.Tests\Ecommerce.Web.Tests.csproj", "{167675DD-C6F2-44CF-B760-018A0809599C}"
EndProject
Project("{2150E333-8FDC-42A3-9474-1A3956D46DE8}") = "UI", "UI", "{F24C5EE4-3B97-4737-8294-74A0834C2D0C}"
EndProject
Project("{2150E333-8FDC-42A3-9474-1A3956D46DE8}") = "Domain", "Domain", "{C82F8B32-63B1-4BFD-A8EA-2E8CEA2AFF88}"
EndProject
Project("{FAE04EC0-301F-11D3-BF4B-00C04F79EFBC}") = "Ecommerce.Domain", "Ecommerce.Domain\Ecommerce.Domain.csproj", "{16BF1248-9581-4954-97B7-CCD6031D6F5F}"
EndProject
Project("{2150E333-8FDC-42A3-9474-1A3956D46DE8}") = "Repositories", "Repositories", "{1CBBF588-29B0-4B5A-AAAE-A3CAE52F2E7B}"
EndProject
Project("{FAE04EC0-301F-11D3-BF4B-00C04F79EFBC}") = "Ecommerce.Repositories", "Ecommerce.Repositories\Ecommerce.Repositories.csproj", "{5289F942-0877-4D21-879B-77D8288B995A}"
EndProject
Project("{FAE04EC0-301F-11D3-BF4B-00C04F79EFBC}") = "Ecommerce.Repositories.Tests", "Ecommerce.Repositories.Tests\Ecommerce.Repositories.Tests.csproj", "{2CB70A73-F476-4BA6-9F68-A02690696944}"
EndProject
Project("{FAE04EC0-301F-11D3-BF4B-00C04F79EFBC}") = "Ecommerce.Domain.Tests", "Ecommerce.Domain.Tests\Ecommerce.Domain.Tests.csproj", "{36829C27-3BAA-477D-A98D-07562CE53C76}"
EndProject
Project("{2150E333-8FDC-42A3-9474-1A3956D46DE8}") = "App", "App", "{6198003E-5B1A-4C91-B282-51427D313D7E}"
EndProject
Project("{FAE04EC0-301F-11D3-BF4B-00C04F79EFBC}") = "Ecommerce.App", "Ecommerce.App\Ecommerce.App.csproj", "{AB368A87-4B2E-460A-AAD4-76F7E695F98E}"
EndProject
Project("{FAE04EC0-301F-11D3-BF4B-00C04F79EFBC}") = "Ecommerce.App.Tests", "Ecommerce.App.Tests\Ecommerce.App.Tests.csproj", "{992553B0-0FC1-430A-8AD1-8F541D9E01D5}"
EndProject
Project("{2150E333-8FDC-42A3-9474-1A3956D46DE8}") = "Helpers", "Helpers", "{74953A9F-8DE5-440B-A998-277E090EF4BD}"
EndProject
Project("{FAE04EC0-301F-11D3-BF4B-00C04F79EFBC}") = "Ecommerce.Helpers", "Ecommerce.Helpers\Ecommerce.Helpers.csproj", "{7C8DD603-F7A3-46A1-A89B-B52B6B7C68F9}"
EndProject
Project("{FAE04EC0-301F-11D3-BF4B-00C04F79EFBC}") = "Ecommerce.Helpers.Tests", "Ecommerce.Helpers.Tests\Ecommerce.Helpers.Tests.csproj", "{DF3D61BC-4570-4F60-ABA0-06941C470A03}"
EndProject
Project("{2150E333-8FDC-42A3-9474-1A3956D46DE8}") = "StartUp", "StartUp", "{E626CFF9-A5EF-4420-8A89-4EA352E712BA}"
EndProject
Project("{FAE04EC0-301F-11D3-BF4B-00C04F79EFBC}") = "Ecommerce.StartUp", "Ecommerce.StartUp\Ecommerce.StartUp.csproj", "{E87A944B-A100-49B6-8EA6-CA96B515CE75}"
EndProject
Project("{FAE04EC0-301F-11D3-BF4B-00C04F79EFBC}") = "Ecommerce.StartUp.Tests", "Ecommerce.StartUp.Tests\Ecommerce.StartUp.Tests.csproj", "{7CA5D672-5B3C-4C88-9FF7-9ABE7367DD12}"
EndProject
Project("{2150E333-8FDC-42A3-9474-1A3956D46DE8}") = "WCF", "WCF", "{F253B7E7-A107-4A1C-8C12-C2A6C2B2C2CF}"
EndProject
Project("{FAE04EC0-301F-11D3-BF4B-00C04F79EFBC}") = "Ecommerce.WCF", "Ecommerce.WCF\Ecommerce.WCF.csproj", "{15B3E0D2-6217-493A-A690-158C497F5318}"
EndProject
Global
	GlobalSection(SolutionConfigurationPlatforms) = preSolution
		Debug|Any CPU = Debug|Any CPU
		Release|Any CPU = Release|Any CPU
	EndGlobalSection
	GlobalSection(ProjectConfigurationPlatforms) = postSolution
		{2FCA3ED2-35D5-4D8A-859B-EBD52D06D8DC}.Debug|Any CPU.ActiveCfg = Debug|Any CPU
		{2FCA3ED2-35D5-4D8A-859B-EBD52D06D8DC}.Debug|Any CPU.Build.0 = Debug|Any CPU
		{2FCA3ED2-35D5-4D8A-859B-EBD52D06D8DC}.Release|Any CPU.ActiveCfg = Release|Any CPU
		{2FCA3ED2-35D5-4D8A-859B-EBD52D06D8DC}.Release|Any CPU.Build.0 = Release|Any CPU
		{167675DD-C6F2-44CF-B760-018A0809599C}.Debug|Any CPU.ActiveCfg = Debug|Any CPU
		{167675DD-C6F2-44CF-B760-018A0809599C}.Debug|Any CPU.Build.0 = Debug|Any CPU
		{167675DD-C6F2-44CF-B760-018A0809599C}.Release|Any CPU.ActiveCfg = Release|Any CPU
		{167675DD-C6F2-44CF-B760-018A0809599C}.Release|Any CPU.Build.0 = Release|Any CPU
		{16BF1248-9581-4954-97B7-CCD6031D6F5F}.Debug|Any CPU.ActiveCfg = Debug|Any CPU
		{16BF1248-9581-4954-97B7-CCD6031D6F5F}.Debug|Any CPU.Build.0 = Debug|Any CPU
		{16BF1248-9581-4954-97B7-CCD6031D6F5F}.Release|Any CPU.ActiveCfg = Release|Any CPU
		{16BF1248-9581-4954-97B7-CCD6031D6F5F}.Release|Any CPU.Build.0 = Release|Any CPU
		{5289F942-0877-4D21-879B-77D8288B995A}.Debug|Any CPU.ActiveCfg = Debug|Any CPU
		{5289F942-0877-4D21-879B-77D8288B995A}.Debug|Any CPU.Build.0 = Debug|Any CPU
		{5289F942-0877-4D21-879B-77D8288B995A}.Release|Any CPU.ActiveCfg = Release|Any CPU
		{5289F942-0877-4D21-879B-77D8288B995A}.Release|Any CPU.Build.0 = Release|Any CPU
		{2CB70A73-F476-4BA6-9F68-A02690696944}.Debug|Any CPU.ActiveCfg = Debug|Any CPU
		{2CB70A73-F476-4BA6-9F68-A02690696944}.Debug|Any CPU.Build.0 = Debug|Any CPU
		{2CB70A73-F476-4BA6-9F68-A02690696944}.Release|Any CPU.ActiveCfg = Release|Any CPU
		{2CB70A73-F476-4BA6-9F68-A02690696944}.Release|Any CPU.Build.0 = Release|Any CPU
		{36829C27-3BAA-477D-A98D-07562CE53C76}.Debug|Any CPU.ActiveCfg = Debug|Any CPU
		{36829C27-3BAA-477D-A98D-07562CE53C76}.Debug|Any CPU.Build.0 = Debug|Any CPU
		{36829C27-3BAA-477D-A98D-07562CE53C76}.Release|Any CPU.ActiveCfg = Release|Any CPU
		{36829C27-3BAA-477D-A98D-07562CE53C76}.Release|Any CPU.Build.0 = Release|Any CPU
		{AB368A87-4B2E-460A-AAD4-76F7E695F98E}.Debug|Any CPU.ActiveCfg = Debug|Any CPU
		{AB368A87-4B2E-460A-AAD4-76F7E695F98E}.Debug|Any CPU.Build.0 = Debug|Any CPU
		{AB368A87-4B2E-460A-AAD4-76F7E695F98E}.Release|Any CPU.ActiveCfg = Release|Any CPU
		{AB368A87-4B2E-460A-AAD4-76F7E695F98E}.Release|Any CPU.Build.0 = Release|Any CPU
		{992553B0-0FC1-430A-8AD1-8F541D9E01D5}.Debug|Any CPU.ActiveCfg = Debug|Any CPU
		{992553B0-0FC1-430A-8AD1-8F541D9E01D5}.Debug|Any CPU.Build.0 = Debug|Any CPU
		{992553B0-0FC1-430A-8AD1-8F541D9E01D5}.Release|Any CPU.ActiveCfg = Release|Any CPU
		{992553B0-0FC1-430A-8AD1-8F541D9E01D5}.Release|Any CPU.Build.0 = Release|Any CPU
		{7C8DD603-F7A3-46A1-A89B-B52B6B7C68F9}.Debug|Any CPU.ActiveCfg = Debug|Any CPU
		{7C8DD603-F7A3-46A1-A89B-B52B6B7C68F9}.Debug|Any CPU.Build.0 = Debug|Any CPU
		{7C8DD603-F7A3-46A1-A89B-B52B6B7C68F9}.Release|Any CPU.ActiveCfg = Release|Any CPU
		{7C8DD603-F7A3-46A1-A89B-B52B6B7C68F9}.Release|Any CPU.Build.0 = Release|Any CPU
		{DF3D61BC-4570-4F60-ABA0-06941C470A03}.Debug|Any CPU.ActiveCfg = Debug|Any CPU
		{DF3D61BC-4570-4F60-ABA0-06941C470A03}.Debug|Any CPU.Build.0 = Debug|Any CPU
		{DF3D61BC-4570-4F60-ABA0-06941C470A03}.Release|Any CPU.ActiveCfg = Release|Any CPU
		{DF3D61BC-4570-4F60-ABA0-06941C470A03}.Release|Any CPU.Build.0 = Release|Any CPU
		{E87A944B-A100-49B6-8EA6-CA96B515CE75}.Debug|Any CPU.ActiveCfg = Debug|Any CPU
		{E87A944B-A100-49B6-8EA6-CA96B515CE75}.Debug|Any CPU.Build.0 = Debug|Any CPU
		{E87A944B-A100-49B6-8EA6-CA96B515CE75}.Release|Any CPU.ActiveCfg = Release|Any CPU
		{E87A944B-A100-49B6-8EA6-CA96B515CE75}.Release|Any CPU.Build.0 = Release|Any CPU
		{7CA5D672-5B3C-4C88-9FF7-9ABE7367DD12}.Debug|Any CPU.ActiveCfg = Debug|Any CPU
		{7CA5D672-5B3C-4C88-9FF7-9ABE7367DD12}.Debug|Any CPU.Build.0 = Debug|Any CPU
		{7CA5D672-5B3C-4C88-9FF7-9ABE7367DD12}.Release|Any CPU.ActiveCfg = Release|Any CPU
		{7CA5D672-5B3C-4C88-9FF7-9ABE7367DD12}.Release|Any CPU.Build.0 = Release|Any CPU
		{15B3E0D2-6217-493A-A690-158C497F5318}.Debug|Any CPU.ActiveCfg = Debug|Any CPU
		{15B3E0D2-6217-493A-A690-158C497F5318}.Debug|Any CPU.Build.0 = Debug|Any CPU
		{15B3E0D2-6217-493A-A690-158C497F5318}.Release|Any CPU.ActiveCfg = Release|Any CPU
		{15B3E0D2-6217-493A-A690-158C497F5318}.Release|Any CPU.Build.0 = Release|Any CPU
	EndGlobalSection
	GlobalSection(SolutionProperties) = preSolution
		HideSolutionNode = FALSE
	EndGlobalSection
	GlobalSection(NestedProjects) = preSolution
		{167675DD-C6F2-44CF-B760-018A0809599C} = {F24C5EE4-3B97-4737-8294-74A0834C2D0C}
		{2FCA3ED2-35D5-4D8A-859B-EBD52D06D8DC} = {F24C5EE4-3B97-4737-8294-74A0834C2D0C}
		{16BF1248-9581-4954-97B7-CCD6031D6F5F} = {C82F8B32-63B1-4BFD-A8EA-2E8CEA2AFF88}
		{36829C27-3BAA-477D-A98D-07562CE53C76} = {C82F8B32-63B1-4BFD-A8EA-2E8CEA2AFF88}
		{5289F942-0877-4D21-879B-77D8288B995A} = {1CBBF588-29B0-4B5A-AAAE-A3CAE52F2E7B}
		{2CB70A73-F476-4BA6-9F68-A02690696944} = {1CBBF588-29B0-4B5A-AAAE-A3CAE52F2E7B}
		{AB368A87-4B2E-460A-AAD4-76F7E695F98E} = {6198003E-5B1A-4C91-B282-51427D313D7E}
		{992553B0-0FC1-430A-8AD1-8F541D9E01D5} = {6198003E-5B1A-4C91-B282-51427D313D7E}
		{7C8DD603-F7A3-46A1-A89B-B52B6B7C68F9} = {74953A9F-8DE5-440B-A998-277E090EF4BD}
		{DF3D61BC-4570-4F60-ABA0-06941C470A03} = {74953A9F-8DE5-440B-A998-277E090EF4BD}
		{E87A944B-A100-49B6-8EA6-CA96B515CE75} = {E626CFF9-A5EF-4420-8A89-4EA352E712BA}
		{7CA5D672-5B3C-4C88-9FF7-9ABE7367DD12} = {E626CFF9-A5EF-4420-8A89-4EA352E712BA}
		{15B3E0D2-6217-493A-A690-158C497F5318} = {F253B7E7-A107-4A1C-8C12-C2A6C2B2C2CF}
	EndGlobalSection
EndGlobal
